// !$*UTF8*$!
{
	archiveVersion = 1;
	classes = {
	};
	objectVersion = 46;
	objects = {

/* Begin PBXBuildFile section */
		02ADF8681C7EC1020082B16E /* AppDelegate.swift in Sources */ = {isa = PBXBuildFile; fileRef = 02ADF8671C7EC1020082B16E /* AppDelegate.swift */; };
		02ADF86F1C7EC1020082B16E /* Assets.xcassets in Resources */ = {isa = PBXBuildFile; fileRef = 02ADF86E1C7EC1020082B16E /* Assets.xcassets */; };
		02ADF8721C7EC1020082B16E /* LaunchScreen.storyboard in Resources */ = {isa = PBXBuildFile; fileRef = 02ADF8701C7EC1020082B16E /* LaunchScreen.storyboard */; };
		02ADF87D1C7EC1530082B16E /* HJPhotoAlbumManager.m in Sources */ = {isa = PBXBuildFile; fileRef = 02ADF87C1C7EC1530082B16E /* HJPhotoAlbumManager.m */; };
		02ADF8831C7FEE110082B16E /* HJPhotoAlbumExecutor.m in Sources */ = {isa = PBXBuildFile; fileRef = 02ADF8821C7FEE110082B16E /* HJPhotoAlbumExecutor.m */; };
		02ADF8861C8669D80082B16E /* AlbumListViewController.swift in Sources */ = {isa = PBXBuildFile; fileRef = 02ADF8841C8669D80082B16E /* AlbumListViewController.swift */; };
		02ADF8871C8669D80082B16E /* PhotoListViewController.swift in Sources */ = {isa = PBXBuildFile; fileRef = 02ADF8851C8669D80082B16E /* PhotoListViewController.swift */; };
		02ADF8891C867A110082B16E /* AlbumRecordTableViewCell.xib in Resources */ = {isa = PBXBuildFile; fileRef = 02ADF8881C867A110082B16E /* AlbumRecordTableViewCell.xib */; };
		02ADF88B1C867F8F0082B16E /* AlbumRecordTableViewCell.swift in Sources */ = {isa = PBXBuildFile; fileRef = 02ADF88A1C867F8F0082B16E /* AlbumRecordTableViewCell.swift */; };
		02ADF88D1C86AC720082B16E /* PhotoRecordCollectionViewCell.xib in Resources */ = {isa = PBXBuildFile; fileRef = 02ADF88C1C86AC720082B16E /* PhotoRecordCollectionViewCell.xib */; };
		02ADF88F1C86ACF40082B16E /* PhotoRecordCollectionViewCell.swift in Sources */ = {isa = PBXBuildFile; fileRef = 02ADF88E1C86ACF40082B16E /* PhotoRecordCollectionViewCell.swift */; };
		02ADF8911C86ED2E0082B16E /* PhotoViewController.swift in Sources */ = {isa = PBXBuildFile; fileRef = 02ADF8901C86ED2E0082B16E /* PhotoViewController.swift */; };
		DC64FEB04E551042AF0AD8E7 /* libPods-Sample.a in Frameworks */ = {isa = PBXBuildFile; fileRef = C401AAADB55CDE24DF5FF489 /* libPods-Sample.a */; };
/* End PBXBuildFile section */

/* Begin PBXFileReference section */
		02ADF8641C7EC1020082B16E /* Sample.app */ = {isa = PBXFileReference; explicitFileType = wrapper.application; includeInIndex = 0; path = Sample.app; sourceTree = BUILT_PRODUCTS_DIR; };
		02ADF8671C7EC1020082B16E /* AppDelegate.swift */ = {isa = PBXFileReference; lastKnownFileType = sourcecode.swift; path = AppDelegate.swift; sourceTree = "<group>"; };
		02ADF86E1C7EC1020082B16E /* Assets.xcassets */ = {isa = PBXFileReference; lastKnownFileType = folder.assetcatalog; path = Assets.xcassets; sourceTree = "<group>"; };
		02ADF8711C7EC1020082B16E /* Base */ = {isa = PBXFileReference; lastKnownFileType = file.storyboard; name = Base; path = Base.lproj/LaunchScreen.storyboard; sourceTree = "<group>"; };
		02ADF8731C7EC1020082B16E /* Info.plist */ = {isa = PBXFileReference; lastKnownFileType = text.plist.xml; path = Info.plist; sourceTree = "<group>"; };
		02ADF87A1C7EC1530082B16E /* Sample-Bridging-Header.h */ = {isa = PBXFileReference; lastKnownFileType = sourcecode.c.h; path = "Sample-Bridging-Header.h"; sourceTree = SOURCE_ROOT; };
		02ADF87B1C7EC1530082B16E /* HJPhotoAlbumManager.h */ = {isa = PBXFileReference; fileEncoding = 4; lastKnownFileType = sourcecode.c.h; name = HJPhotoAlbumManager.h; path = ../../Sources/HJPhotoAlbumManager.h; sourceTree = "<group>"; };
		02ADF87C1C7EC1530082B16E /* HJPhotoAlbumManager.m */ = {isa = PBXFileReference; fileEncoding = 4; lastKnownFileType = sourcecode.c.objc; name = HJPhotoAlbumManager.m; path = ../../Sources/HJPhotoAlbumManager.m; sourceTree = "<group>"; };
		02ADF8811C7FEE110082B16E /* HJPhotoAlbumExecutor.h */ = {isa = PBXFileReference; fileEncoding = 4; lastKnownFileType = sourcecode.c.h; name = HJPhotoAlbumExecutor.h; path = ../../Sources/HJPhotoAlbumExecutor.h; sourceTree = "<group>"; };
		02ADF8821C7FEE110082B16E /* HJPhotoAlbumExecutor.m */ = {isa = PBXFileReference; fileEncoding = 4; lastKnownFileType = sourcecode.c.objc; name = HJPhotoAlbumExecutor.m; path = ../../Sources/HJPhotoAlbumExecutor.m; sourceTree = "<group>"; };
		02ADF8841C8669D80082B16E /* AlbumListViewController.swift */ = {isa = PBXFileReference; fileEncoding = 4; lastKnownFileType = sourcecode.swift; path = AlbumListViewController.swift; sourceTree = "<group>"; };
		02ADF8851C8669D80082B16E /* PhotoListViewController.swift */ = {isa = PBXFileReference; fileEncoding = 4; lastKnownFileType = sourcecode.swift; path = PhotoListViewController.swift; sourceTree = "<group>"; };
		02ADF8881C867A110082B16E /* AlbumRecordTableViewCell.xib */ = {isa = PBXFileReference; fileEncoding = 4; lastKnownFileType = file.xib; path = AlbumRecordTableViewCell.xib; sourceTree = "<group>"; };
		02ADF88A1C867F8F0082B16E /* AlbumRecordTableViewCell.swift */ = {isa = PBXFileReference; fileEncoding = 4; lastKnownFileType = sourcecode.swift; path = AlbumRecordTableViewCell.swift; sourceTree = "<group>"; };
		02ADF88C1C86AC720082B16E /* PhotoRecordCollectionViewCell.xib */ = {isa = PBXFileReference; fileEncoding = 4; lastKnownFileType = file.xib; path = PhotoRecordCollectionViewCell.xib; sourceTree = "<group>"; };
		02ADF88E1C86ACF40082B16E /* PhotoRecordCollectionViewCell.swift */ = {isa = PBXFileReference; fileEncoding = 4; lastKnownFileType = sourcecode.swift; path = PhotoRecordCollectionViewCell.swift; sourceTree = "<group>"; };
		02ADF8901C86ED2E0082B16E /* PhotoViewController.swift */ = {isa = PBXFileReference; fileEncoding = 4; lastKnownFileType = sourcecode.swift; path = PhotoViewController.swift; sourceTree = "<group>"; };
		7393D371A17EA05F3A2BEA17 /* Pods-Sample.debug.xcconfig */ = {isa = PBXFileReference; includeInIndex = 1; lastKnownFileType = text.xcconfig; name = "Pods-Sample.debug.xcconfig"; path = "Pods/Target Support Files/Pods-Sample/Pods-Sample.debug.xcconfig"; sourceTree = "<group>"; };
		B111EBE24BE36E507DE4F3D1 /* Pods-Sample.release.xcconfig */ = {isa = PBXFileReference; includeInIndex = 1; lastKnownFileType = text.xcconfig; name = "Pods-Sample.release.xcconfig"; path = "Pods/Target Support Files/Pods-Sample/Pods-Sample.release.xcconfig"; sourceTree = "<group>"; };
		C401AAADB55CDE24DF5FF489 /* libPods-Sample.a */ = {isa = PBXFileReference; explicitFileType = archive.ar; includeInIndex = 0; path = "libPods-Sample.a"; sourceTree = BUILT_PRODUCTS_DIR; };
/* End PBXFileReference section */

/* Begin PBXFrameworksBuildPhase section */
		02ADF8611C7EC1020082B16E /* Frameworks */ = {
			isa = PBXFrameworksBuildPhase;
			buildActionMask = 2147483647;
			files = (
				DC64FEB04E551042AF0AD8E7 /* libPods-Sample.a in Frameworks */,
			);
			runOnlyForDeploymentPostprocessing = 0;
		};
/* End PBXFrameworksBuildPhase section */

/* Begin PBXGroup section */
		02ADF85B1C7EC1020082B16E = {
			isa = PBXGroup;
			children = (
				02ADF8661C7EC1020082B16E /* Sample */,
				02ADF8791C7EC1280082B16E /* HJPhotoAlbumManager */,
				02ADF8651C7EC1020082B16E /* Products */,
				05C6CAF532CCBC7DBB35829A /* Pods */,
				9AB1C0F797073499782F6BF1 /* Frameworks */,
			);
			sourceTree = "<group>";
		};
		02ADF8651C7EC1020082B16E /* Products */ = {
			isa = PBXGroup;
			children = (
				02ADF8641C7EC1020082B16E /* Sample.app */,
			);
			name = Products;
			sourceTree = "<group>";
		};
		02ADF8661C7EC1020082B16E /* Sample */ = {
			isa = PBXGroup;
			children = (
				02ADF8671C7EC1020082B16E /* AppDelegate.swift */,
				02ADF8841C8669D80082B16E /* AlbumListViewController.swift */,
				02ADF8851C8669D80082B16E /* PhotoListViewController.swift */,
				02ADF8901C86ED2E0082B16E /* PhotoViewController.swift */,
				02ADF88A1C867F8F0082B16E /* AlbumRecordTableViewCell.swift */,
				02ADF88E1C86ACF40082B16E /* PhotoRecordCollectionViewCell.swift */,
				02ADF86E1C7EC1020082B16E /* Assets.xcassets */,
				02ADF8701C7EC1020082B16E /* LaunchScreen.storyboard */,
				02ADF8881C867A110082B16E /* AlbumRecordTableViewCell.xib */,
				02ADF88C1C86AC720082B16E /* PhotoRecordCollectionViewCell.xib */,
				02ADF87A1C7EC1530082B16E /* Sample-Bridging-Header.h */,
				02ADF8731C7EC1020082B16E /* Info.plist */,
			);
			path = Sample;
			sourceTree = "<group>";
		};
		02ADF8791C7EC1280082B16E /* HJPhotoAlbumManager */ = {
			isa = PBXGroup;
			children = (
				02ADF87B1C7EC1530082B16E /* HJPhotoAlbumManager.h */,
				02ADF87C1C7EC1530082B16E /* HJPhotoAlbumManager.m */,
				02ADF8811C7FEE110082B16E /* HJPhotoAlbumExecutor.h */,
				02ADF8821C7FEE110082B16E /* HJPhotoAlbumExecutor.m */,
			);
			name = HJPhotoAlbumManager;
			sourceTree = "<group>";
		};
		05C6CAF532CCBC7DBB35829A /* Pods */ = {
			isa = PBXGroup;
			children = (
				7393D371A17EA05F3A2BEA17 /* Pods-Sample.debug.xcconfig */,
				B111EBE24BE36E507DE4F3D1 /* Pods-Sample.release.xcconfig */,
			);
			name = Pods;
			sourceTree = "<group>";
		};
		9AB1C0F797073499782F6BF1 /* Frameworks */ = {
			isa = PBXGroup;
			children = (
				C401AAADB55CDE24DF5FF489 /* libPods-Sample.a */,
			);
			name = Frameworks;
			sourceTree = "<group>";
		};
/* End PBXGroup section */

/* Begin PBXNativeTarget section */
		02ADF8631C7EC1020082B16E /* Sample */ = {
			isa = PBXNativeTarget;
			buildConfigurationList = 02ADF8761C7EC1020082B16E /* Build configuration list for PBXNativeTarget "Sample" */;
			buildPhases = (
				0BF64D4159CACA305C466C1E /* 📦 Check Pods Manifest.lock */,
				02ADF8601C7EC1020082B16E /* Sources */,
				02ADF8611C7EC1020082B16E /* Frameworks */,
				02ADF8621C7EC1020082B16E /* Resources */,
				5D21FA32017594E33248AD8C /* 📦 Embed Pods Frameworks */,
				9C9467D32A0560FA34523E13 /* 📦 Copy Pods Resources */,
			);
			buildRules = (
			);
			dependencies = (
			);
			name = Sample;
			productName = Sample;
			productReference = 02ADF8641C7EC1020082B16E /* Sample.app */;
			productType = "com.apple.product-type.application";
		};
/* End PBXNativeTarget section */

/* Begin PBXProject section */
		02ADF85C1C7EC1020082B16E /* Project object */ = {
			isa = PBXProject;
			attributes = {
				LastSwiftUpdateCheck = 0720;
				LastUpgradeCheck = 0720;
				ORGANIZATIONNAME = "P9 SOFT, Inc.";
				TargetAttributes = {
					02ADF8631C7EC1020082B16E = {
						CreatedOnToolsVersion = 7.2.1;
					};
				};
			};
			buildConfigurationList = 02ADF85F1C7EC1020082B16E /* Build configuration list for PBXProject "Sample" */;
			compatibilityVersion = "Xcode 3.2";
			developmentRegion = English;
			hasScannedForEncodings = 0;
			knownRegions = (
				en,
				Base,
			);
			mainGroup = 02ADF85B1C7EC1020082B16E;
			productRefGroup = 02ADF8651C7EC1020082B16E /* Products */;
			projectDirPath = "";
			projectRoot = "";
			targets = (
				02ADF8631C7EC1020082B16E /* Sample */,
			);
		};
/* End PBXProject section */

/* Begin PBXResourcesBuildPhase section */
		02ADF8621C7EC1020082B16E /* Resources */ = {
			isa = PBXResourcesBuildPhase;
			buildActionMask = 2147483647;
			files = (
				02ADF8721C7EC1020082B16E /* LaunchScreen.storyboard in Resources */,
				02ADF86F1C7EC1020082B16E /* Assets.xcassets in Resources */,
				02ADF88D1C86AC720082B16E /* PhotoRecordCollectionViewCell.xib in Resources */,
				02ADF8891C867A110082B16E /* AlbumRecordTableViewCell.xib in Resources */,
			);
			runOnlyForDeploymentPostprocessing = 0;
		};
/* End PBXResourcesBuildPhase section */

/* Begin PBXShellScriptBuildPhase section */
		0BF64D4159CACA305C466C1E /* 📦 Check Pods Manifest.lock */ = {
			isa = PBXShellScriptBuildPhase;
			buildActionMask = 2147483647;
			files = (
			);
			inputPaths = (
			);
			name = "📦 Check Pods Manifest.lock";
			outputPaths = (
			);
			runOnlyForDeploymentPostprocessing = 0;
			shellPath = /bin/sh;
			shellScript = "diff \"${PODS_ROOT}/../Podfile.lock\" \"${PODS_ROOT}/Manifest.lock\" > /dev/null\nif [[ $? != 0 ]] ; then\n    cat << EOM\nerror: The sandbox is not in sync with the Podfile.lock. Run 'pod install' or update your CocoaPods installation.\nEOM\n    exit 1\nfi\n";
			showEnvVarsInLog = 0;
		};
		5D21FA32017594E33248AD8C /* 📦 Embed Pods Frameworks */ = {
			isa = PBXShellScriptBuildPhase;
			buildActionMask = 2147483647;
			files = (
			);
			inputPaths = (
			);
			name = "📦 Embed Pods Frameworks";
			outputPaths = (
			);
			runOnlyForDeploymentPostprocessing = 0;
			shellPath = /bin/sh;
			shellScript = "\"${SRCROOT}/Pods/Target Support Files/Pods-Sample/Pods-Sample-frameworks.sh\"\n";
			showEnvVarsInLog = 0;
		};
		9C9467D32A0560FA34523E13 /* 📦 Copy Pods Resources */ = {
			isa = PBXShellScriptBuildPhase;
			buildActionMask = 2147483647;
			files = (
			);
			inputPaths = (
			);
			name = "📦 Copy Pods Resources";
			outputPaths = (
			);
			runOnlyForDeploymentPostprocessing = 0;
			shellPath = /bin/sh;
			shellScript = "\"${SRCROOT}/Pods/Target Support Files/Pods-Sample/Pods-Sample-resources.sh\"\n";
			showEnvVarsInLog = 0;
		};
/* End PBXShellScriptBuildPhase section */

/* Begin PBXSourcesBuildPhase section */
		02ADF8601C7EC1020082B16E /* Sources */ = {
			isa = PBXSourcesBuildPhase;
			buildActionMask = 2147483647;
			files = (
				02ADF8831C7FEE110082B16E /* HJPhotoAlbumExecutor.m in Sources */,
				02ADF87D1C7EC1530082B16E /* HJPhotoAlbumManager.m in Sources */,
				02ADF88F1C86ACF40082B16E /* PhotoRecordCollectionViewCell.swift in Sources */,
				02ADF88B1C867F8F0082B16E /* AlbumRecordTableViewCell.swift in Sources */,
				02ADF8681C7EC1020082B16E /* AppDelegate.swift in Sources */,
				02ADF8911C86ED2E0082B16E /* PhotoViewController.swift in Sources */,
				02ADF8861C8669D80082B16E /* AlbumListViewController.swift in Sources */,
				02ADF8871C8669D80082B16E /* PhotoListViewController.swift in Sources */,
			);
			runOnlyForDeploymentPostprocessing = 0;
		};
/* End PBXSourcesBuildPhase section */

/* Begin PBXVariantGroup section */
		02ADF8701C7EC1020082B16E /* LaunchScreen.storyboard */ = {
			isa = PBXVariantGroup;
			children = (
				02ADF8711C7EC1020082B16E /* Base */,
			);
			name = LaunchScreen.storyboard;
			sourceTree = "<group>";
		};
/* End PBXVariantGroup section */

/* Begin XCBuildConfiguration section */
		02ADF8741C7EC1020082B16E /* Debug */ = {
			isa = XCBuildConfiguration;
			buildSettings = {
				ALWAYS_SEARCH_USER_PATHS = NO;
				CLANG_CXX_LANGUAGE_STANDARD = "gnu++0x";
				CLANG_CXX_LIBRARY = "libc++";
				CLANG_ENABLE_MODULES = YES;
				CLANG_ENABLE_OBJC_ARC = YES;
				CLANG_WARN_BOOL_CONVERSION = YES;
				CLANG_WARN_CONSTANT_CONVERSION = YES;
				CLANG_WARN_DIRECT_OBJC_ISA_USAGE = YES_ERROR;
				CLANG_WARN_EMPTY_BODY = YES;
				CLANG_WARN_ENUM_CONVERSION = YES;
				CLANG_WARN_INT_CONVERSION = YES;
				CLANG_WARN_OBJC_ROOT_CLASS = YES_ERROR;
				CLANG_WARN_UNREACHABLE_CODE = YES;
				CLANG_WARN__DUPLICATE_METHOD_MATCH = YES;
				"CODE_SIGN_IDENTITY[sdk=iphoneos*]" = "iPhone Developer";
				COPY_PHASE_STRIP = NO;
				DEBUG_INFORMATION_FORMAT = dwarf;
				ENABLE_STRICT_OBJC_MSGSEND = YES;
				ENABLE_TESTABILITY = YES;
				GCC_C_LANGUAGE_STANDARD = gnu99;
				GCC_DYNAMIC_NO_PIC = NO;
				GCC_NO_COMMON_BLOCKS = YES;
				GCC_OPTIMIZATION_LEVEL = 0;
				GCC_PREPROCESSOR_DEFINITIONS = (
					"DEBUG=1",
					"$(inherited)",
				);
				GCC_WARN_64_TO_32_BIT_CONVERSION = YES;
				GCC_WARN_ABOUT_RETURN_TYPE = YES_ERROR;
				GCC_WARN_UNDECLARED_SELECTOR = YES;
				GCC_WARN_UNINITIALIZED_AUTOS = YES_AGGRESSIVE;
				GCC_WARN_UNUSED_FUNCTION = YES;
				GCC_WARN_UNUSED_VARIABLE = YES;
				IPHONEOS_DEPLOYMENT_TARGET = 9.2;
				MTL_ENABLE_DEBUG_INFO = YES;
				ONLY_ACTIVE_ARCH = YES;
				SDKROOT = iphoneos;
				SWIFT_OPTIMIZATION_LEVEL = "-Onone";
				TARGETED_DEVICE_FAMILY = "1,2";
			};
			name = Debug;
		};
		02ADF8751C7EC1020082B16E /* Release */ = {
			isa = XCBuildConfiguration;
			buildSettings = {
				ALWAYS_SEARCH_USER_PATHS = NO;
				CLANG_CXX_LANGUAGE_STANDARD = "gnu++0x";
				CLANG_CXX_LIBRARY = "libc++";
				CLANG_ENABLE_MODULES = YES;
				CLANG_ENABLE_OBJC_ARC = YES;
				CLANG_WARN_BOOL_CONVERSION = YES;
				CLANG_WARN_CONSTANT_CONVERSION = YES;
				CLANG_WARN_DIRECT_OBJC_ISA_USAGE = YES_ERROR;
				CLANG_WARN_EMPTY_BODY = YES;
				CLANG_WARN_ENUM_CONVERSION = YES;
				CLANG_WARN_INT_CONVERSION = YES;
				CLANG_WARN_OBJC_ROOT_CLASS = YES_ERROR;
				CLANG_WARN_UNREACHABLE_CODE = YES;
				CLANG_WARN__DUPLICATE_METHOD_MATCH = YES;
				"CODE_SIGN_IDENTITY[sdk=iphoneos*]" = "iPhone Developer";
				COPY_PHASE_STRIP = NO;
				DEBUG_INFORMATION_FORMAT = "dwarf-with-dsym";
				ENABLE_NS_ASSERTIONS = NO;
				ENABLE_STRICT_OBJC_MSGSEND = YES;
				GCC_C_LANGUAGE_STANDARD = gnu99;
				GCC_NO_COMMON_BLOCKS = YES;
				GCC_WARN_64_TO_32_BIT_CONVERSION = YES;
				GCC_WARN_ABOUT_RETURN_TYPE = YES_ERROR;
				GCC_WARN_UNDECLARED_SELECTOR = YES;
				GCC_WARN_UNINITIALIZED_AUTOS = YES_AGGRESSIVE;
				GCC_WARN_UNUSED_FUNCTION = YES;
				GCC_WARN_UNUSED_VARIABLE = YES;
				IPHONEOS_DEPLOYMENT_TARGET = 9.2;
				MTL_ENABLE_DEBUG_INFO = NO;
				SDKROOT = iphoneos;
				TARGETED_DEVICE_FAMILY = "1,2";
				VALIDATE_PRODUCT = YES;
			};
			name = Release;
		};
		02ADF8771C7EC1020082B16E /* Debug */ = {
			isa = XCBuildConfiguration;
			baseConfigurationReference = 7393D371A17EA05F3A2BEA17 /* Pods-Sample.debug.xcconfig */;
			buildSettings = {
				ASSETCATALOG_COMPILER_APPICON_NAME = AppIcon;
				CLANG_ENABLE_MODULES = YES;
				INFOPLIST_FILE = Sample/Info.plist;
				LD_RUNPATH_SEARCH_PATHS = "$(inherited) @executable_path/Frameworks";
				PRODUCT_BUNDLE_IDENTIFIER = com.p9soft.Sample;
				PRODUCT_NAME = "$(TARGET_NAME)";
				SWIFT_OBJC_BRIDGING_HEADER = "Sample-Bridging-Header.h";
				SWIFT_OPTIMIZATION_LEVEL = "-Onone";
			};
			name = Debug;
		};
		02ADF8781C7EC1020082B16E /* Release */ = {
			isa = XCBuildConfiguration;
			baseConfigurationReference = B111EBE24BE36E507DE4F3D1 /* Pods-Sample.release.xcconfig */;
			buildSettings = {
				ASSETCATALOG_COMPILER_APPICON_NAME = AppIcon;
				CLANG_ENABLE_MODULES = YES;
				INFOPLIST_FILE = Sample/Info.plist;
				LD_RUNPATH_SEARCH_PATHS = "$(inherited) @executable_path/Frameworks";
				PRODUCT_BUNDLE_IDENTIFIER = com.p9soft.Sample;
				PRODUCT_NAME = "$(TARGET_NAME)";
				SWIFT_OBJC_BRIDGING_HEADER = "Sample-Bridging-Header.h";
			};
			name = Release;
		};
/* End XCBuildConfiguration section */

/* Begin XCConfigurationList section */
		02ADF85F1C7EC1020082B16E /* Build configuration list for PBXProject "Sample" */ = {
			isa = XCConfigurationList;
			buildConfigurations = (
				02ADF8741C7EC1020082B16E /* Debug */,
				02ADF8751C7EC1020082B16E /* Release */,
			);
			defaultConfigurationIsVisible = 0;
			defaultConfigurationName = Release;
		};
		02ADF8761C7EC1020082B16E /* Build configuration list for PBXNativeTarget "Sample" */ = {
			isa = XCConfigurationList;
			buildConfigurations = (
				02ADF8771C7EC1020082B16E /* Debug */,
				02ADF8781C7EC1020082B16E /* Release */,
			);
			defaultConfigurationIsVisible = 0;
			defaultConfigurationName = Release;
		};
/* End XCConfigurationList section */
	};
	rootObject = 02ADF85C1C7EC1020082B16E /* Project object */;
}
